
Microsoft Visual Studio Solution File, Format Version 12.00
# Visual Studio Version 17
VisualStudioVersion = 17.1.32328.378
MinimumVisualStudioVersion = 10.0.40219.1
Project("{9A19103F-16F7-4668-BE54-9A1E7A4F7556}") = "ProxyCloud", "ProxyCloud\ProxyCloud.csproj", "{0C1E4F70-6806-47D2-B019-68C7CA72B1F6}"
EndProject
Project("{9A19103F-16F7-4668-BE54-9A1E7A4F7556}") = "ProxyAPISupport", "ProxyAPISupport\ProxyAPISupport.csproj", "{12F8E744-69E6-40CC-B530-4C28CEB00ACA}"
EndProject
Project("{9A19103F-16F7-4668-BE54-9A1E7A4F7556}") = "AppSync", "..\..\AppSync\AppSync.csproj", "{FE1580D6-A600-4321-A138-AA816CFF664F}"
EndProject
Global
	GlobalSection(SolutionConfigurationPlatforms) = preSolution
		DEBUG_A|Any CPU = DEBUG_A|Any CPU
		DEBUG_ALI|Any CPU = DEBUG_ALI|Any CPU
		DEBUG_AND|Any CPU = DEBUG_AND|Any CPU
		DEBUG_B|Any CPU = DEBUG_B|Any CPU
		DEBUG_FAI|Any CPU = DEBUG_FAI|Any CPU
		DEBUG_MUS|Any CPU = DEBUG_MUS|Any CPU
		DEBUG_RAM_SOCIAL|Any CPU = DEBUG_RAM_SOCIAL|Any CPU
		DEBUG_RAM|Any CPU = DEBUG_RAM|Any CPU
		DEBUG_ZUB|Any CPU = DEBUG_ZUB|Any CPU
		Debug|Any CPU = Debug|Any CPU
		rDebug|Any CPU = rDebug|Any CPU
		Release|Any CPU = Release|Any CPU
	EndGlobalSection
	GlobalSection(ProjectConfigurationPlatforms) = postSolution
		{0C1E4F70-6806-47D2-B019-68C7CA72B1F6}.DEBUG_A|Any CPU.ActiveCfg = Debug|Any CPU
		{0C1E4F70-6806-47D2-B019-68C7CA72B1F6}.DEBUG_A|Any CPU.Build.0 = Debug|Any CPU
		{0C1E4F70-6806-47D2-B019-68C7CA72B1F6}.DEBUG_ALI|Any CPU.ActiveCfg = Debug|Any CPU
		{0C1E4F70-6806-47D2-B019-68C7CA72B1F6}.DEBUG_ALI|Any CPU.Build.0 = Debug|Any CPU
		{0C1E4F70-6806-47D2-B019-68C7CA72B1F6}.DEBUG_AND|Any CPU.ActiveCfg = Debug|Any CPU
		{0C1E4F70-6806-47D2-B019-68C7CA72B1F6}.DEBUG_AND|Any CPU.Build.0 = Debug|Any CPU
		{0C1E4F70-6806-47D2-B019-68C7CA72B1F6}.DEBUG_B|Any CPU.ActiveCfg = Debug|Any CPU
		{0C1E4F70-6806-47D2-B019-68C7CA72B1F6}.DEBUG_B|Any CPU.Build.0 = Debug|Any CPU
		{0C1E4F70-6806-47D2-B019-68C7CA72B1F6}.DEBUG_FAI|Any CPU.ActiveCfg = Debug|Any CPU
		{0C1E4F70-6806-47D2-B019-68C7CA72B1F6}.DEBUG_FAI|Any CPU.Build.0 = Debug|Any CPU
		{0C1E4F70-6806-47D2-B019-68C7CA72B1F6}.DEBUG_MUS|Any CPU.ActiveCfg = Debug|Any CPU
		{0C1E4F70-6806-47D2-B019-68C7CA72B1F6}.DEBUG_MUS|Any CPU.Build.0 = Debug|Any CPU
		{0C1E4F70-6806-47D2-B019-68C7CA72B1F6}.DEBUG_RAM_SOCIAL|Any CPU.ActiveCfg = Debug|Any CPU
		{0C1E4F70-6806-47D2-B019-68C7CA72B1F6}.DEBUG_RAM_SOCIAL|Any CPU.Build.0 = Debug|Any CPU
		{0C1E4F70-6806-47D2-B019-68C7CA72B1F6}.DEBUG_RAM|Any CPU.ActiveCfg = Debug|Any CPU
		{0C1E4F70-6806-47D2-B019-68C7CA72B1F6}.DEBUG_RAM|Any CPU.Build.0 = Debug|Any CPU
		{0C1E4F70-6806-47D2-B019-68C7CA72B1F6}.DEBUG_ZUB|Any CPU.ActiveCfg = Debug|Any CPU
		{0C1E4F70-6806-47D2-B019-68C7CA72B1F6}.DEBUG_ZUB|Any CPU.Build.0 = Debug|Any CPU
		{0C1E4F70-6806-47D2-B019-68C7CA72B1F6}.Debug|Any CPU.ActiveCfg = Debug|Any CPU
		{0C1E4F70-6806-47D2-B019-68C7CA72B1F6}.Debug|Any CPU.Build.0 = Debug|Any CPU
		{0C1E4F70-6806-47D2-B019-68C7CA72B1F6}.rDebug|Any CPU.ActiveCfg = Debug|Any CPU
		{0C1E4F70-6806-47D2-B019-68C7CA72B1F6}.rDebug|Any CPU.Build.0 = Debug|Any CPU
		{0C1E4F70-6806-47D2-B019-68C7CA72B1F6}.Release|Any CPU.ActiveCfg = Release|Any CPU
		{0C1E4F70-6806-47D2-B019-68C7CA72B1F6}.Release|Any CPU.Build.0 = Release|Any CPU
		{12F8E744-69E6-40CC-B530-4C28CEB00ACA}.DEBUG_A|Any CPU.ActiveCfg = Debug|Any CPU
		{12F8E744-69E6-40CC-B530-4C28CEB00ACA}.DEBUG_A|Any CPU.Build.0 = Debug|Any CPU
		{12F8E744-69E6-40CC-B530-4C28CEB00ACA}.DEBUG_ALI|Any CPU.ActiveCfg = Debug|Any CPU
		{12F8E744-69E6-40CC-B530-4C28CEB00ACA}.DEBUG_ALI|Any CPU.Build.0 = Debug|Any CPU
		{12F8E744-69E6-40CC-B530-4C28CEB00ACA}.DEBUG_AND|Any CPU.ActiveCfg = Debug|Any CPU
		{12F8E744-69E6-40CC-B530-4C28CEB00ACA}.DEBUG_AND|Any CPU.Build.0 = Debug|Any CPU
		{12F8E744-69E6-40CC-B530-4C28CEB00ACA}.DEBUG_B|Any CPU.ActiveCfg = Debug|Any CPU
		{12F8E744-69E6-40CC-B530-4C28CEB00ACA}.DEBUG_B|Any CPU.Build.0 = Debug|Any CPU
		{12F8E744-69E6-40CC-B530-4C28CEB00ACA}.DEBUG_FAI|Any CPU.ActiveCfg = Debug|Any CPU
		{12F8E744-69E6-40CC-B530-4C28CEB00ACA}.DEBUG_FAI|Any CPU.Build.0 = Debug|Any CPU
		{12F8E744-69E6-40CC-B530-4C28CEB00ACA}.DEBUG_MUS|Any CPU.ActiveCfg = Debug|Any CPU
		{12F8E744-69E6-40CC-B530-4C28CEB00ACA}.DEBUG_MUS|Any CPU.Build.0 = Debug|Any CPU
		{12F8E744-69E6-40CC-B530-4C28CEB00ACA}.DEBUG_RAM_SOCIAL|Any CPU.ActiveCfg = Debug|Any CPU
		{12F8E744-69E6-40CC-B530-4C28CEB00ACA}.DEBUG_RAM_SOCIAL|Any CPU.Build.0 = Debug|Any CPU
		{12F8E744-69E6-40CC-B530-4C28CEB00ACA}.DEBUG_RAM|Any CPU.ActiveCfg = Debug|Any CPU
		{12F8E744-69E6-40CC-B530-4C28CEB00ACA}.DEBUG_RAM|Any CPU.Build.0 = Debug|Any CPU
		{12F8E744-69E6-40CC-B530-4C28CEB00ACA}.DEBUG_ZUB|Any CPU.ActiveCfg = Debug|Any CPU
		{12F8E744-69E6-40CC-B530-4C28CEB00ACA}.DEBUG_ZUB|Any CPU.Build.0 = Debug|Any CPU
		{12F8E744-69E6-40CC-B530-4C28CEB00ACA}.Debug|Any CPU.ActiveCfg = Debug|Any CPU
		{12F8E744-69E6-40CC-B530-4C28CEB00ACA}.Debug|Any CPU.Build.0 = Debug|Any CPU
		{12F8E744-69E6-40CC-B530-4C28CEB00ACA}.rDebug|Any CPU.ActiveCfg = Debug|Any CPU
		{12F8E744-69E6-40CC-B530-4C28CEB00ACA}.rDebug|Any CPU.Build.0 = Debug|Any CPU
		{12F8E744-69E6-40CC-B530-4C28CEB00ACA}.Release|Any CPU.ActiveCfg = Release|Any CPU
		{12F8E744-69E6-40CC-B530-4C28CEB00ACA}.Release|Any CPU.Build.0 = Release|Any CPU
		{FE1580D6-A600-4321-A138-AA816CFF664F}.DEBUG_A|Any CPU.ActiveCfg = Debug|Any CPU
		{FE1580D6-A600-4321-A138-AA816CFF664F}.DEBUG_A|Any CPU.Build.0 = Debug|Any CPU
		{FE1580D6-A600-4321-A138-AA816CFF664F}.DEBUG_ALI|Any CPU.ActiveCfg = Debug|Any CPU
		{FE1580D6-A600-4321-A138-AA816CFF664F}.DEBUG_ALI|Any CPU.Build.0 = Debug|Any CPU
		{FE1580D6-A600-4321-A138-AA816CFF664F}.DEBUG_AND|Any CPU.ActiveCfg = Debug|Any CPU
		{FE1580D6-A600-4321-A138-AA816CFF664F}.DEBUG_AND|Any CPU.Build.0 = Debug|Any CPU
		{FE1580D6-A600-4321-A138-AA816CFF664F}.DEBUG_B|Any CPU.ActiveCfg = Debug|Any CPU
		{FE1580D6-A600-4321-A138-AA816CFF664F}.DEBUG_B|Any CPU.Build.0 = Debug|Any CPU
		{FE1580D6-A600-4321-A138-AA816CFF664F}.DEBUG_FAI|Any CPU.ActiveCfg = Debug|Any CPU
		{FE1580D6-A600-4321-A138-AA816CFF664F}.DEBUG_FAI|Any CPU.Build.0 = Debug|Any CPU
		{FE1580D6-A600-4321-A138-AA816CFF664F}.DEBUG_MUS|Any CPU.ActiveCfg = Debug|Any CPU
		{FE1580D6-A600-4321-A138-AA816CFF664F}.DEBUG_MUS|Any CPU.Build.0 = Debug|Any CPU
		{FE1580D6-A600-4321-A138-AA816CFF664F}.DEBUG_RAM_SOCIAL|Any CPU.ActiveCfg = Debug|Any CPU
		{FE1580D6-A600-4321-A138-AA816CFF664F}.DEBUG_RAM_SOCIAL|Any CPU.Build.0 = Debug|Any CPU
		{FE1580D6-A600-4321-A138-AA816CFF664F}.DEBUG_RAM|Any CPU.ActiveCfg = Debug|Any CPU
		{FE1580D6-A600-4321-A138-AA816CFF664F}.DEBUG_RAM|Any CPU.Build.0 = Debug|Any CPU
		{FE1580D6-A600-4321-A138-AA816CFF664F}.DEBUG_ZUB|Any CPU.ActiveCfg = Debug|Any CPU
		{FE1580D6-A600-4321-A138-AA816CFF664F}.DEBUG_ZUB|Any CPU.Build.0 = Debug|Any CPU
		{FE1580D6-A600-4321-A138-AA816CFF664F}.Debug|Any CPU.ActiveCfg = Debug|Any CPU
		{FE1580D6-A600-4321-A138-AA816CFF664F}.Debug|Any CPU.Build.0 = Debug|Any CPU
		{FE1580D6-A600-4321-A138-AA816CFF664F}.rDebug|Any CPU.ActiveCfg = Debug|Any CPU
		{FE1580D6-A600-4321-A138-AA816CFF664F}.rDebug|Any CPU.Build.0 = Debug|Any CPU
		{FE1580D6-A600-4321-A138-AA816CFF664F}.Release|Any CPU.ActiveCfg = Release|Any CPU
		{FE1580D6-A600-4321-A138-AA816CFF664F}.Release|Any CPU.Build.0 = Release|Any CPU
	EndGlobalSection
	GlobalSection(SolutionProperties) = preSolution
		HideSolutionNode = FALSE
	EndGlobalSection
	GlobalSection(ExtensibilityGlobals) = postSolution
		SolutionGuid = {1D74933F-67A0-4ABB-884F-716EBC46FC5B}
	EndGlobalSection
EndGlobal
